// !$*UTF8*$!
{
	archiveVersion = 1;
	classes = {
	};
	objectVersion = 46;
	objects = {

/* Begin PBXFileReference section */
		091053651B1F07F7007069AD /* Info.plist */ = {isa = PBXFileReference; lastKnownFileType = text.plist.xml; path = Info.plist; sourceTree = "<group>"; };
		091053661B1F07F7007069AD /* main.m */ = {isa = PBXFileReference; lastKnownFileType = sourcecode.c.objc; path = main.m; sourceTree = "<group>"; };
		091053681B1F07F7007069AD /* AppDelegate.h */ = {isa = PBXFileReference; lastKnownFileType = sourcecode.c.h; path = AppDelegate.h; sourceTree = "<group>"; };
		091053691B1F07F7007069AD /* AppDelegate.m */ = {isa = PBXFileReference; lastKnownFileType = sourcecode.c.objc; path = AppDelegate.m; sourceTree = "<group>"; };
		0910536B1B1F07F7007069AD /* ViewController.h */ = {isa = PBXFileReference; lastKnownFileType = sourcecode.c.h; path = ViewController.h; sourceTree = "<group>"; };
		0910536C1B1F07F7007069AD /* ViewController.m */ = {isa = PBXFileReference; lastKnownFileType = sourcecode.c.objc; path = ViewController.m; sourceTree = "<group>"; };
		0910536F1B1F07F7007069AD /* Base */ = {isa = PBXFileReference; lastKnownFileType = file.storyboard; name = Base; path = Base.lproj/Main.storyboard; sourceTree = "<group>"; };
		091053711B1F07F7007069AD /* Images.xcassets */ = {isa = PBXFileReference; lastKnownFileType = folder.assetcatalog; path = Images.xcassets; sourceTree = "<group>"; };
		091053741B1F07F7007069AD /* Base */ = {isa = PBXFileReference; lastKnownFileType = file.xib; name = Base; path = Base.lproj/LaunchScreen.xib; sourceTree = "<group>"; };
		622E29061BC79B0A00CB9DFE /* XXBMoveCellModel.h */ = {isa = PBXFileReference; fileEncoding = 4; lastKnownFileType = sourcecode.c.h; path = XXBMoveCellModel.h; sourceTree = "<group>"; };
		622E29071BC79B0A00CB9DFE /* XXBMoveCellModel.m */ = {isa = PBXFileReference; fileEncoding = 4; lastKnownFileType = sourcecode.c.objc; path = XXBMoveCellModel.m; sourceTree = "<group>"; };
		622E29091BC79B0A00CB9DFE /* XXBMoveCell.h */ = {isa = PBXFileReference; fileEncoding = 4; lastKnownFileType = sourcecode.c.h; path = XXBMoveCell.h; sourceTree = "<group>"; };
		622E290A1BC79B0A00CB9DFE /* XXBMoveCell.m */ = {isa = PBXFileReference; fileEncoding = 4; lastKnownFileType = sourcecode.c.objc; path = XXBMoveCell.m; sourceTree = "<group>"; };
		622E290B1BC79B0A00CB9DFE /* XXBMoveView.h */ = {isa = PBXFileReference; fileEncoding = 4; lastKnownFileType = sourcecode.c.h; path = XXBMoveView.h; sourceTree = "<group>"; };
		622E290C1BC79B0A00CB9DFE /* XXBMoveView.m */ = {isa = PBXFileReference; fileEncoding = 4; lastKnownFileType = sourcecode.c.objc; path = XXBMoveView.m; sourceTree = "<group>"; };
/* End PBXFileReference section */

/* Begin PBXGroup section */
		091053581B1F07F7007069AD = {
			isa = PBXGroup;
			children = (
				091053631B1F07F7007069AD /* moveTest */,
				091053621B1F07F7007069AD /* Products */,
			);
			sourceTree = "<group>";
		};
		091053621B1F07F7007069AD /* Products */ = {
			isa = PBXGroup;
			children = (
			);
			name = Products;
			sourceTree = "<group>";
		};
		091053631B1F07F7007069AD /* moveTest */ = {
			isa = PBXGroup;
			children = (
				622E29041BC79B0A00CB9DFE /* XXBMoveView */,
				091053681B1F07F7007069AD /* AppDelegate.h */,
				091053691B1F07F7007069AD /* AppDelegate.m */,
				0910536B1B1F07F7007069AD /* ViewController.h */,
				0910536C1B1F07F7007069AD /* ViewController.m */,
				0910536E1B1F07F7007069AD /* Main.storyboard */,
				091053711B1F07F7007069AD /* Images.xcassets */,
				091053731B1F07F7007069AD /* LaunchScreen.xib */,
				091053641B1F07F7007069AD /* Supporting Files */,
			);
			path = moveTest;
			sourceTree = "<group>";
		};
		091053641B1F07F7007069AD /* Supporting Files */ = {
			isa = PBXGroup;
			children = (
				091053651B1F07F7007069AD /* Info.plist */,
				091053661B1F07F7007069AD /* main.m */,
			);
			name = "Supporting Files";
			sourceTree = "<group>";
		};
		622E29041BC79B0A00CB9DFE /* XXBMoveView */ = {
			isa = PBXGroup;
			children = (
				622E29051BC79B0A00CB9DFE /* Modle */,
				622E29081BC79B0A00CB9DFE /* View */,
			);
			name = XXBMoveView;
			path = ../../XXBMoveView;
			sourceTree = "<group>";
		};
		622E29051BC79B0A00CB9DFE /* Modle */ = {
			isa = PBXGroup;
			children = (
				622E29061BC79B0A00CB9DFE /* XXBMoveCellModel.h */,
				622E29071BC79B0A00CB9DFE /* XXBMoveCellModel.m */,
			);
			path = Modle;
			sourceTree = "<group>";
		};
		622E29081BC79B0A00CB9DFE /* View */ = {
			isa = PBXGroup;
			children = (
				622E29091BC79B0A00CB9DFE /* XXBMoveCell.h */,
				622E290A1BC79B0A00CB9DFE /* XXBMoveCell.m */,
				622E290B1BC79B0A00CB9DFE /* XXBMoveView.h */,
				622E290C1BC79B0A00CB9DFE /* XXBMoveView.m */,
			);
			path = View;
			sourceTree = "<group>";
		};
/* End PBXGroup section */

/* Begin PBXProject section */
		091053591B1F07F7007069AD /* Project object */ = {
			isa = PBXProject;
			attributes = {
				LastUpgradeCheck = 0710;
				ORGANIZATIONNAME = xiaoxiaobing;
			};
			buildConfigurationList = 0910535C1B1F07F7007069AD /* Build configuration list for PBXProject "moveTest" */;
			compatibilityVersion = "Xcode 3.2";
			developmentRegion = English;
			hasScannedForEncodings = 0;
			knownRegions = (
				en,
				Base,
			);
			mainGroup = 091053581B1F07F7007069AD;
			productRefGroup = 091053621B1F07F7007069AD /* Products */;
			projectDirPath = "";
			projectRoot = "";
			targets = (
			);
		};
/* End PBXProject section */

/* Begin PBXVariantGroup section */
		0910536E1B1F07F7007069AD /* Main.storyboard */ = {
			isa = PBXVariantGroup;
			children = (
				0910536F1B1F07F7007069AD /* Base */,
			);
			name = Main.storyboard;
			sourceTree = "<group>";
		};
		091053731B1F07F7007069AD /* LaunchScreen.xib */ = {
			isa = PBXVariantGroup;
			children = (
				091053741B1F07F7007069AD /* Base */,
			);
			name = LaunchScreen.xib;
			sourceTree = "<group>";
		};
/* End PBXVariantGroup section */

/* Begin XCBuildConfiguration section */
		091053821B1F07F8007069AD /* Debug */ = {
			isa = XCBuildConfiguration;
			buildSettings = {
				ALWAYS_SEARCH_USER_PATHS = NO;
				CLANG_CXX_LANGUAGE_STANDARD = "gnu++0x";
				CLANG_CXX_LIBRARY = "libc++";
				CLANG_ENABLE_MODULES = YES;
				CLANG_ENABLE_OBJC_ARC = YES;
				CLANG_WARN_BOOL_CONVERSION = YES;
				CLANG_WARN_CONSTANT_CONVERSION = YES;
				CLANG_WARN_DIRECT_OBJC_ISA_USAGE = YES_ERROR;
				CLANG_WARN_EMPTY_BODY = YES;
				CLANG_WARN_ENUM_CONVERSION = YES;
				CLANG_WARN_INT_CONVERSION = YES;
				CLANG_WARN_OBJC_ROOT_CLASS = YES_ERROR;
				CLANG_WARN_UNREACHABLE_CODE = YES;
				CLANG_WARN__DUPLICATE_METHOD_MATCH = YES;
				CODE_SIGN_IDENTITY = "iPhone Developer";
				"CODE_SIGN_IDENTITY[sdk=iphoneos*]" = "iPhone Developer";
				COPY_PHASE_STRIP = NO;
				DEBUG_INFORMATION_FORMAT = "dwarf-with-dsym";
				ENABLE_STRICT_OBJC_MSGSEND = YES;
				ENABLE_TESTABILITY = YES;
				GCC_C_LANGUAGE_STANDARD = gnu99;
				GCC_DYNAMIC_NO_PIC = NO;
				GCC_NO_COMMON_BLOCKS = YES;
				GCC_OPTIMIZATION_LEVEL = 0;
				GCC_PREPROCESSOR_DEFINITIONS = (
					"DEBUG=1",
					"$(inherited)",
				);
				GCC_SYMBOLS_PRIVATE_EXTERN = NO;
				GCC_WARN_64_TO_32_BIT_CONVERSION = YES;
				GCC_WARN_ABOUT_RETURN_TYPE = YES_ERROR;
				GCC_WARN_UNDECLARED_SELECTOR = YES;
				GCC_WARN_UNINITIALIZED_AUTOS = YES_AGGRESSIVE;
				GCC_WARN_UNUSED_FUNCTION = YES;
				GCC_WARN_UNUSED_VARIABLE = YES;
				IPHONEOS_DEPLOYMENT_TARGET = 8.3;
				MTL_ENABLE_DEBUG_INFO = YES;
				ONLY_ACTIVE_ARCH = YES;
				SDKROOT = iphoneos;
			};
			name = Debug;
		};
		091053831B1F07F8007069AD /* Release */ = {
			isa = XCBuildConfiguration;
			buildSettings = {
				ALWAYS_SEARCH_USER_PATHS = NO;
				CLANG_CXX_LANGUAGE_STANDARD = "gnu++0x";
				CLANG_CXX_LIBRARY = "libc++";
				CLANG_ENABLE_MODULES = YES;
				CLANG_ENABLE_OBJC_ARC = YES;
				CLANG_WARN_BOOL_CONVERSION = YES;
				CLANG_WARN_CONSTANT_CONVERSION = YES;
				CLANG_WARN_DIRECT_OBJC_ISA_USAGE = YES_ERROR;
				CLANG_WARN_EMPTY_BODY = YES;
				CLANG_WARN_ENUM_CONVERSION = YES;
				CLANG_WARN_INT_CONVERSION = YES;
				CLANG_WARN_OBJC_ROOT_CLASS = YES_ERROR;
				CLANG_WARN_UNREACHABLE_CODE = YES;
				CLANG_WARN__DUPLICATE_METHOD_MATCH = YES;
				CODE_SIGN_IDENTITY = "iPhone Developer";
				"CODE_SIGN_IDENTITY[sdk=iphoneos*]" = "iPhone Developer";
				COPY_PHASE_STRIP = NO;
				DEBUG_INFORMATION_FORMAT = "dwarf-with-dsym";
				ENABLE_NS_ASSERTIONS = NO;
				ENABLE_STRICT_OBJC_MSGSEND = YES;
				GCC_C_LANGUAGE_STANDARD = gnu99;
				GCC_NO_COMMON_BLOCKS = YES;
				GCC_WARN_64_TO_32_BIT_CONVERSION = YES;
				GCC_WARN_ABOUT_RETURN_TYPE = YES_ERROR;
				GCC_WARN_UNDECLARED_SELECTOR = YES;
				GCC_WARN_UNINITIALIZED_AUTOS = YES_AGGRESSIVE;
				GCC_WARN_UNUSED_FUNCTION = YES;
				GCC_WARN_UNUSED_VARIABLE = YES;
				IPHONEOS_DEPLOYMENT_TARGET = 8.3;
				MTL_ENABLE_DEBUG_INFO = NO;
				SDKROOT = iphoneos;
				VALIDATE_PRODUCT = YES;
			};
			name = Release;
		};
/* End XCBuildConfiguration section */

/* Begin XCConfigurationList section */
		0910535C1B1F07F7007069AD /* Build configuration list for PBXProject "moveTest" */ = {
			isa = XCConfigurationList;
			buildConfigurations = (
				091053821B1F07F8007069AD /* Debug */,
				091053831B1F07F8007069AD /* Release */,
			);
			defaultConfigurationIsVisible = 0;
			defaultConfigurationName = Release;
		};
/* End XCConfigurationList section */
	};
	rootObject = 091053591B1F07F7007069AD /* Project object */;
}
